
Microsoft Visual Studio Solution File, Format Version 12.00
# Visual Studio 2012
Project("{FAE04EC0-301F-11D3-BF4B-00C04F79EFBC}") = "RenameFileswithSequence", "RenameFileswithSequence\RenameFileswithSequence.csproj", "{6B77E00B-C4EA-42A6-939C-A7A09D37146F}"
EndProject
Project("{FAE04EC0-301F-11D3-BF4B-00C04F79EFBC}") = "StudentCourseApplication", "..\StudentCourseApplication\StudentCourseApplication\StudentCourseApplication.csproj", "{9798A54E-28A3-4C13-8B52-6FED0133F73C}"
EndProject
Global
	GlobalSection(SolutionConfigurationPlatforms) = preSolution
		Debug|Any CPU = Debug|Any CPU
		Release|Any CPU = Release|Any CPU
	EndGlobalSection
	GlobalSection(ProjectConfigurationPlatforms) = postSolution
		{6B77E00B-C4EA-42A6-939C-A7A09D37146F}.Debug|Any CPU.ActiveCfg = Debug|Any CPU
		{6B77E00B-C4EA-42A6-939C-A7A09D37146F}.Debug|Any CPU.Build.0 = Debug|Any CPU
		{6B77E00B-C4EA-42A6-939C-A7A09D37146F}.Release|Any CPU.ActiveCfg = Release|Any CPU
		{6B77E00B-C4EA-42A6-939C-A7A09D37146F}.Release|Any CPU.Build.0 = Release|Any CPU
		{9798A54E-28A3-4C13-8B52-6FED0133F73C}.Debug|Any CPU.ActiveCfg = Debug|Any CPU
		{9798A54E-28A3-4C13-8B52-6FED0133F73C}.Debug|Any CPU.Build.0 = Debug|Any CPU
		{9798A54E-28A3-4C13-8B52-6FED0133F73C}.Release|Any CPU.ActiveCfg = Release|Any CPU
		{9798A54E-28A3-4C13-8B52-6FED0133F73C}.Release|Any CPU.Build.0 = Release|Any CPU
	EndGlobalSection
	GlobalSection(SolutionProperties) = preSolution
		HideSolutionNode = FALSE
	EndGlobalSection
EndGlobal
